
Microsoft Visual Studio Solution File, Format Version 12.00
# Visual Studio 2013
VisualStudioVersion = 12.0.21005.1
MinimumVisualStudioVersion = 10.0.40219.1
Project("{FAE04EC0-301F-11D3-BF4B-00C04F79EFBC}") = "suma y resta de matrices", "suma y resta de matrices\suma y resta de matrices.csproj", "{716EAC9D-D65B-47B6-BD62-24901519380E}"
EndProject
Global
	GlobalSection(SolutionConfigurationPlatforms) = preSolution
		Debug|Any CPU = Debug|Any CPU
		Release|Any CPU = Release|Any CPU
	EndGlobalSection
	GlobalSection(ProjectConfigurationPlatforms) = postSolution
		{716EAC9D-D65B-47B6-BD62-24901519380E}.Debug|Any CPU.ActiveCfg = Debug|Any CPU
		{716EAC9D-D65B-47B6-BD62-24901519380E}.Debug|Any CPU.Build.0 = Debug|Any CPU
		{716EAC9D-D65B-47B6-BD62-24901519380E}.Release|Any CPU.ActiveCfg = Release|Any CPU
		{716EAC9D-D65B-47B6-BD62-24901519380E}.Release|Any CPU.Build.0 = Release|Any CPU
	EndGlobalSection
	GlobalSection(SolutionProperties) = preSolution
		HideSolutionNode = FALSE
	EndGlobalSection
EndGlobal
